// !$*UTF8*$!
{
	archiveVersion = 1;
	classes = {
	};
	objectVersion = 55;
	objects = {

/* Begin PBXBuildFile section */
		C33C7AE627BE91AA00CDC80E /* AppDelegate.swift in Sources */ = {isa = PBXBuildFile; fileRef = C33C7AE527BE91AA00CDC80E /* AppDelegate.swift */; };
		C33C7AE827BE91AA00CDC80E /* SceneDelegate.swift in Sources */ = {isa = PBXBuildFile; fileRef = C33C7AE727BE91AA00CDC80E /* SceneDelegate.swift */; };
		C33C7AED27BE91AA00CDC80E /* Main.storyboard in Resources */ = {isa = PBXBuildFile; fileRef = C33C7AEB27BE91AA00CDC80E /* Main.storyboard */; };
		C33C7AEF27BE91AE00CDC80E /* Assets.xcassets in Resources */ = {isa = PBXBuildFile; fileRef = C33C7AEE27BE91AE00CDC80E /* Assets.xcassets */; };
		C33C7AF227BE91AE00CDC80E /* LaunchScreen.storyboard in Resources */ = {isa = PBXBuildFile; fileRef = C33C7AF027BE91AE00CDC80E /* LaunchScreen.storyboard */; };
		C33C7AFA27BE9D1400CDC80E /* TarefasTableViewController.swift in Sources */ = {isa = PBXBuildFile; fileRef = C33C7AF927BE9D1400CDC80E /* TarefasTableViewController.swift */; };
		C33C7AFC27BE9E5A00CDC80E /* CadastroTarefaViewController.swift in Sources */ = {isa = PBXBuildFile; fileRef = C33C7AFB27BE9E5A00CDC80E /* CadastroTarefaViewController.swift */; };
		C33C7AFE27BE9FFA00CDC80E /* TarefaUserDefaults.swift in Sources */ = {isa = PBXBuildFile; fileRef = C33C7AFD27BE9FFA00CDC80E /* TarefaUserDefaults.swift */; };
/* End PBXBuildFile section */

/* Begin PBXFileReference section */
		C33C7AE227BE91AA00CDC80E /* ListaDeTarefas.app */ = {isa = PBXFileReference; explicitFileType = wrapper.application; includeInIndex = 0; path = ListaDeTarefas.app; sourceTree = BUILT_PRODUCTS_DIR; };
		C33C7AE527BE91AA00CDC80E /* AppDelegate.swift */ = {isa = PBXFileReference; lastKnownFileType = sourcecode.swift; path = AppDelegate.swift; sourceTree = "<group>"; };
		C33C7AE727BE91AA00CDC80E /* SceneDelegate.swift */ = {isa = PBXFileReference; lastKnownFileType = sourcecode.swift; path = SceneDelegate.swift; sourceTree = "<group>"; };
		C33C7AEC27BE91AA00CDC80E /* Base */ = {isa = PBXFileReference; lastKnownFileType = file.storyboard; name = Base; path = Base.lproj/Main.storyboard; sourceTree = "<group>"; };
		C33C7AEE27BE91AE00CDC80E /* Assets.xcassets */ = {isa = PBXFileReference; lastKnownFileType = folder.assetcatalog; path = Assets.xcassets; sourceTree = "<group>"; };
		C33C7AF127BE91AE00CDC80E /* Base */ = {isa = PBXFileReference; lastKnownFileType = file.storyboard; name = Base; path = Base.lproj/LaunchScreen.storyboard; sourceTree = "<group>"; };
		C33C7AF327BE91AE00CDC80E /* Info.plist */ = {isa = PBXFileReference; lastKnownFileType = text.plist.xml; path = Info.plist; sourceTree = "<group>"; };
		C33C7AF927BE9D1400CDC80E /* TarefasTableViewController.swift */ = {isa = PBXFileReference; lastKnownFileType = sourcecode.swift; path = TarefasTableViewController.swift; sourceTree = "<group>"; };
		C33C7AFB27BE9E5A00CDC80E /* CadastroTarefaViewController.swift */ = {isa = PBXFileReference; lastKnownFileType = sourcecode.swift; path = CadastroTarefaViewController.swift; sourceTree = "<group>"; };
		C33C7AFD27BE9FFA00CDC80E /* TarefaUserDefaults.swift */ = {isa = PBXFileReference; lastKnownFileType = sourcecode.swift; path = TarefaUserDefaults.swift; sourceTree = "<group>"; };
/* End PBXFileReference section */

/* Begin PBXFrameworksBuildPhase section */
		C33C7ADF27BE91AA00CDC80E /* Frameworks */ = {
			isa = PBXFrameworksBuildPhase;
			buildActionMask = 2147483647;
			files = (
			);
			runOnlyForDeploymentPostprocessing = 0;
		};
/* End PBXFrameworksBuildPhase section */

/* Begin PBXGroup section */
		C33C7AD927BE91AA00CDC80E = {
			isa = PBXGroup;
			children = (
				C33C7AE427BE91AA00CDC80E /* ListaDeTarefas */,
				C33C7AE327BE91AA00CDC80E /* Products */,
			);
			sourceTree = "<group>";
		};
		C33C7AE327BE91AA00CDC80E /* Products */ = {
			isa = PBXGroup;
			children = (
				C33C7AE227BE91AA00CDC80E /* ListaDeTarefas.app */,
			);
			name = Products;
			sourceTree = "<group>";
		};
		C33C7AE427BE91AA00CDC80E /* ListaDeTarefas */ = {
			isa = PBXGroup;
			children = (
				C33C7AE527BE91AA00CDC80E /* AppDelegate.swift */,
				C33C7AE727BE91AA00CDC80E /* SceneDelegate.swift */,
				C33C7AF927BE9D1400CDC80E /* TarefasTableViewController.swift */,
				C33C7AFB27BE9E5A00CDC80E /* CadastroTarefaViewController.swift */,
				C33C7AFD27BE9FFA00CDC80E /* TarefaUserDefaults.swift */,
				C33C7AEB27BE91AA00CDC80E /* Main.storyboard */,
				C33C7AEE27BE91AE00CDC80E /* Assets.xcassets */,
				C33C7AF027BE91AE00CDC80E /* LaunchScreen.storyboard */,
				C33C7AF327BE91AE00CDC80E /* Info.plist */,
			);
			path = ListaDeTarefas;
			sourceTree = "<group>";
		};
/* End PBXGroup section */

/* Begin PBXNativeTarget section */
		C33C7AE127BE91AA00CDC80E /* ListaDeTarefas */ = {
			isa = PBXNativeTarget;
			buildConfigurationList = C33C7AF627BE91AE00CDC80E /* Build configuration list for PBXNativeTarget "ListaDeTarefas" */;
			buildPhases = (
				C33C7ADE27BE91AA00CDC80E /* Sources */,
				C33C7ADF27BE91AA00CDC80E /* Frameworks */,
				C33C7AE027BE91AA00CDC80E /* Resources */,
			);
			buildRules = (
			);
			dependencies = (
			);
			name = ListaDeTarefas;
			productName = ListaDeTarefas;
			productReference = C33C7AE227BE91AA00CDC80E /* ListaDeTarefas.app */;
			productType = "com.apple.product-type.application";
		};
/* End PBXNativeTarget section */

/* Begin PBXProject section */
		C33C7ADA27BE91AA00CDC80E /* Project object */ = {
			isa = PBXProject;
			attributes = {
				BuildIndependentTargetsInParallel = 1;
				LastSwiftUpdateCheck = 1320;
				LastUpgradeCheck = 1320;
				TargetAttributes = {
					C33C7AE127BE91AA00CDC80E = {
						CreatedOnToolsVersion = 13.2.1;
					};
				};
			};
			buildConfigurationList = C33C7ADD27BE91AA00CDC80E /* Build configuration list for PBXProject "ListaDeTarefas" */;
			compatibilityVersion = "Xcode 13.0";
			developmentRegion = en;
			hasScannedForEncodings = 0;
			knownRegions = (
				en,
				Base,
			);
			mainGroup = C33C7AD927BE91AA00CDC80E;
			productRefGroup = C33C7AE327BE91AA00CDC80E /* Products */;
			projectDirPath = "";
			projectRoot = "";
			targets = (
				C33C7AE127BE91AA00CDC80E /* ListaDeTarefas */,
			);
		};
/* End PBXProject section */

/* Begin PBXResourcesBuildPhase section */
		C33C7AE027BE91AA00CDC80E /* Resources */ = {
			isa = PBXResourcesBuildPhase;
			buildActionMask = 2147483647;
			files = (
				C33C7AF227BE91AE00CDC80E /* LaunchScreen.storyboard in Resources */,
				C33C7AEF27BE91AE00CDC80E /* Assets.xcassets in Resources */,
				C33C7AED27BE91AA00CDC80E /* Main.storyboard in Resources */,
			);
			runOnlyForDeploymentPostprocessing = 0;
		};
/* End PBXResourcesBuildPhase section */

/* Begin PBXSourcesBuildPhase section */
		C33C7ADE27BE91AA00CDC80E /* Sources */ = {
			isa = PBXSourcesBuildPhase;
			buildActionMask = 2147483647;
			files = (
				C33C7AFC27BE9E5A00CDC80E /* CadastroTarefaViewController.swift in Sources */,
				C33C7AE627BE91AA00CDC80E /* AppDelegate.swift in Sources */,
				C33C7AFE27BE9FFA00CDC80E /* TarefaUserDefaults.swift in Sources */,
				C33C7AFA27BE9D1400CDC80E /* TarefasTableViewController.swift in Sources */,
				C33C7AE827BE91AA00CDC80E /* SceneDelegate.swift in Sources */,
			);
			runOnlyForDeploymentPostprocessing = 0;
		};
/* End PBXSourcesBuildPhase section */

/* Begin PBXVariantGroup section */
		C33C7AEB27BE91AA00CDC80E /* Main.storyboard */ = {
			isa = PBXVariantGroup;
			children = (
				C33C7AEC27BE91AA00CDC80E /* Base */,
			);
			name = Main.storyboard;
			sourceTree = "<group>";
		};
		C33C7AF027BE91AE00CDC80E /* LaunchScreen.storyboard */ = {
			isa = PBXVariantGroup;
			children = (
				C33C7AF127BE91AE00CDC80E /* Base */,
			);
			name = LaunchScreen.storyboard;
			sourceTree = "<group>";
		};
/* End PBXVariantGroup section */

/* Begin XCBuildConfiguration section */
		C33C7AF427BE91AE00CDC80E /* Debug */ = {
			isa = XCBuildConfiguration;
			buildSettings = {
				ALWAYS_SEARCH_USER_PATHS = NO;
				CLANG_ANALYZER_NONNULL = YES;
				CLANG_ANALYZER_NUMBER_OBJECT_CONVERSION = YES_AGGRESSIVE;
				CLANG_CXX_LANGUAGE_STANDARD = "gnu++17";
				CLANG_CXX_LIBRARY = "libc++";
				CLANG_ENABLE_MODULES = YES;
				CLANG_ENABLE_OBJC_ARC = YES;
				CLANG_ENABLE_OBJC_WEAK = YES;
				CLANG_WARN_BLOCK_CAPTURE_AUTORELEASING = YES;
				CLANG_WARN_BOOL_CONVERSION = YES;
				CLANG_WARN_COMMA = YES;
				CLANG_WARN_CONSTANT_CONVERSION = YES;
				CLANG_WARN_DEPRECATED_OBJC_IMPLEMENTATIONS = YES;
				CLANG_WARN_DIRECT_OBJC_ISA_USAGE = YES_ERROR;
				CLANG_WARN_DOCUMENTATION_COMMENTS = YES;
				CLANG_WARN_EMPTY_BODY = YES;
				CLANG_WARN_ENUM_CONVERSION = YES;
				CLANG_WARN_INFINITE_RECURSION = YES;
				CLANG_WARN_INT_CONVERSION = YES;
				CLANG_WARN_NON_LITERAL_NULL_CONVERSION = YES;
				CLANG_WARN_OBJC_IMPLICIT_RETAIN_SELF = YES;
				CLANG_WARN_OBJC_LITERAL_CONVERSION = YES;
				CLANG_WARN_OBJC_ROOT_CLASS = YES_ERROR;
				CLANG_WARN_QUOTED_INCLUDE_IN_FRAMEWORK_HEADER = YES;
				CLANG_WARN_RANGE_LOOP_ANALYSIS = YES;
				CLANG_WARN_STRICT_PROTOTYPES = YES;
				CLANG_WARN_SUSPICIOUS_MOVE = YES;
				CLANG_WARN_UNGUARDED_AVAILABILITY = YES_AGGRESSIVE;
				CLANG_WARN_UNREACHABLE_CODE = YES;
				CLANG_WARN__DUPLICATE_METHOD_MATCH = YES;
				COPY_PHASE_STRIP = NO;
				DEBUG_INFORMATION_FORMAT = dwarf;
				ENABLE_STRICT_OBJC_MSGSEND = YES;
				ENABLE_TESTABILITY = YES;
				GCC_C_LANGUAGE_STANDARD = gnu11;
				GCC_DYNAMIC_NO_PIC = NO;
				GCC_NO_COMMON_BLOCKS = YES;
				GCC_OPTIMIZATION_LEVEL = 0;
				GCC_PREPROCESSOR_DEFINITIONS = (
					"DEBUG=1",
					"$(inherited)",
				);
				GCC_WARN_64_TO_32_BIT_CONVERSION = YES;
				GCC_WARN_ABOUT_RETURN_TYPE = YES_ERROR;
				GCC_WARN_UNDECLARED_SELECTOR = YES;
				GCC_WARN_UNINITIALIZED_AUTOS = YES_AGGRESSIVE;
				GCC_WARN_UNUSED_FUNCTION = YES;
				GCC_WARN_UNUSED_VARIABLE = YES;
				IPHONEOS_DEPLOYMENT_TARGET = 15.2;
				MTL_ENABLE_DEBUG_INFO = INCLUDE_SOURCE;
				MTL_FAST_MATH = YES;
				ONLY_ACTIVE_ARCH = YES;
				SDKROOT = iphoneos;
				SWIFT_ACTIVE_COMPILATION_CONDITIONS = DEBUG;
				SWIFT_OPTIMIZATION_LEVEL = "-Onone";
			};
			name = Debug;
		};
		C33C7AF527BE91AE00CDC80E /* Release */ = {
			isa = XCBuildConfiguration;
			buildSettings = {
				ALWAYS_SEARCH_USER_PATHS = NO;
				CLANG_ANALYZER_NONNULL = YES;
				CLANG_ANALYZER_NUMBER_OBJECT_CONVERSION = YES_AGGRESSIVE;
				CLANG_CXX_LANGUAGE_STANDARD = "gnu++17";
				CLANG_CXX_LIBRARY = "libc++";
				CLANG_ENABLE_MODULES = YES;
				CLANG_ENABLE_OBJC_ARC = YES;
				CLANG_ENABLE_OBJC_WEAK = YES;
				CLANG_WARN_BLOCK_CAPTURE_AUTORELEASING = YES;
				CLANG_WARN_BOOL_CONVERSION = YES;
				CLANG_WARN_COMMA = YES;
				CLANG_WARN_CONSTANT_CONVERSION = YES;
				CLANG_WARN_DEPRECATED_OBJC_IMPLEMENTATIONS = YES;
				CLANG_WARN_DIRECT_OBJC_ISA_USAGE = YES_ERROR;
				CLANG_WARN_DOCUMENTATION_COMMENTS = YES;
				CLANG_WARN_EMPTY_BODY = YES;
				CLANG_WARN_ENUM_CONVERSION = YES;
				CLANG_WARN_INFINITE_RECURSION = YES;
				CLANG_WARN_INT_CONVERSION = YES;
				CLANG_WARN_NON_LITERAL_NULL_CONVERSION = YES;
				CLANG_WARN_OBJC_IMPLICIT_RETAIN_SELF = YES;
				CLANG_WARN_OBJC_LITERAL_CONVERSION = YES;
				CLANG_WARN_OBJC_ROOT_CLASS = YES_ERROR;
				CLANG_WARN_QUOTED_INCLUDE_IN_FRAMEWORK_HEADER = YES;
				CLANG_WARN_RANGE_LOOP_ANALYSIS = YES;
				CLANG_WARN_STRICT_PROTOTYPES = YES;
				CLANG_WARN_SUSPICIOUS_MOVE = YES;
				CLANG_WARN_UNGUARDED_AVAILABILITY = YES_AGGRESSIVE;
				CLANG_WARN_UNREACHABLE_CODE = YES;
				CLANG_WARN__DUPLICATE_METHOD_MATCH = YES;
				COPY_PHASE_STRIP = NO;
				DEBUG_INFORMATION_FORMAT = "dwarf-with-dsym";
				ENABLE_NS_ASSERTIONS = NO;
				ENABLE_STRICT_OBJC_MSGSEND = YES;
				GCC_C_LANGUAGE_STANDARD = gnu11;
				GCC_NO_COMMON_BLOCKS = YES;
				GCC_WARN_64_TO_32_BIT_CONVERSION = YES;
				GCC_WARN_ABOUT_RETURN_TYPE = YES_ERROR;
				GCC_WARN_UNDECLARED_SELECTOR = YES;
				GCC_WARN_UNINITIALIZED_AUTOS = YES_AGGRESSIVE;
				GCC_WARN_UNUSED_FUNCTION = YES;
				GCC_WARN_UNUSED_VARIABLE = YES;
				IPHONEOS_DEPLOYMENT_TARGET = 15.2;
				MTL_ENABLE_DEBUG_INFO = NO;
				MTL_FAST_MATH = YES;
				SDKROOT = iphoneos;
				SWIFT_COMPILATION_MODE = wholemodule;
				SWIFT_OPTIMIZATION_LEVEL = "-O";
				VALIDATE_PRODUCT = YES;
			};
			name = Release;
		};
		C33C7AF727BE91AE00CDC80E /* Debug */ = {
			isa = XCBuildConfiguration;
			buildSettings = {
				ASSETCATALOG_COMPILER_APPICON_NAME = AppIcon;
				ASSETCATALOG_COMPILER_GLOBAL_ACCENT_COLOR_NAME = AccentColor;
				CODE_SIGN_STYLE = Automatic;
				CURRENT_PROJECT_VERSION = 1;
				GENERATE_INFOPLIST_FILE = YES;
				INFOPLIST_FILE = ListaDeTarefas/Info.plist;
				INFOPLIST_KEY_UIApplicationSupportsIndirectInputEvents = YES;
				INFOPLIST_KEY_UILaunchStoryboardName = LaunchScreen;
				INFOPLIST_KEY_UIMainStoryboardFile = Main;
				INFOPLIST_KEY_UISupportedInterfaceOrientations_iPad = "UIInterfaceOrientationPortrait UIInterfaceOrientationPortraitUpsideDown UIInterfaceOrientationLandscapeLeft UIInterfaceOrientationLandscapeRight";
				INFOPLIST_KEY_UISupportedInterfaceOrientations_iPhone = "UIInterfaceOrientationPortrait UIInterfaceOrientationLandscapeLeft UIInterfaceOrientationLandscapeRight";
				LD_RUNPATH_SEARCH_PATHS = (
					"$(inherited)",
					"@executable_path/Frameworks",
				);
				MARKETING_VERSION = 1.0;
				PRODUCT_BUNDLE_IDENTIFIER = CursoIOS.ListaDeTarefas;
				PRODUCT_NAME = "$(TARGET_NAME)";
				SWIFT_EMIT_LOC_STRINGS = YES;
				SWIFT_VERSION = 5.0;
				TARGETED_DEVICE_FAMILY = "1,2";
			};
			name = Debug;
		};
		C33C7AF827BE91AE00CDC80E /* Release */ = {
			isa = XCBuildConfiguration;
			buildSettings = {
				ASSETCATALOG_COMPILER_APPICON_NAME = AppIcon;
				ASSETCATALOG_COMPILER_GLOBAL_ACCENT_COLOR_NAME = AccentColor;
				CODE_SIGN_STYLE = Automatic;
				CURRENT_PROJECT_VERSION = 1;
				GENERATE_INFOPLIST_FILE = YES;
				INFOPLIST_FILE = ListaDeTarefas/Info.plist;
				INFOPLIST_KEY_UIApplicationSupportsIndirectInputEvents = YES;
				INFOPLIST_KEY_UILaunchStoryboardName = LaunchScreen;
				INFOPLIST_KEY_UIMainStoryboardFile = Main;
				INFOPLIST_KEY_UISupportedInterfaceOrientations_iPad = "UIInterfaceOrientationPortrait UIInterfaceOrientationPortraitUpsideDown UIInterfaceOrientationLandscapeLeft UIInterfaceOrientationLandscapeRight";
				INFOPLIST_KEY_UISupportedInterfaceOrientations_iPhone = "UIInterfaceOrientationPortrait UIInterfaceOrientationLandscapeLeft UIInterfaceOrientationLandscapeRight";
				LD_RUNPATH_SEARCH_PATHS = (
					"$(inherited)",
					"@executable_path/Frameworks",
				);
				MARKETING_VERSION = 1.0;
				PRODUCT_BUNDLE_IDENTIFIER = CursoIOS.ListaDeTarefas;
				PRODUCT_NAME = "$(TARGET_NAME)";
				SWIFT_EMIT_LOC_STRINGS = YES;
				SWIFT_VERSION = 5.0;
				TARGETED_DEVICE_FAMILY = "1,2";
			};
			name = Release;
		};
/* End XCBuildConfiguration section */

/* Begin XCConfigurationList section */
		C33C7ADD27BE91AA00CDC80E /* Build configuration list for PBXProject "ListaDeTarefas" */ = {
			isa = XCConfigurationList;
			buildConfigurations = (
				C33C7AF427BE91AE00CDC80E /* Debug */,
				C33C7AF527BE91AE00CDC80E /* Release */,
			);
			defaultConfigurationIsVisible = 0;
			defaultConfigurationName = Release;
		};
		C33C7AF627BE91AE00CDC80E /* Build configuration list for PBXNativeTarget "ListaDeTarefas" */ = {
			isa = XCConfigurationList;
			buildConfigurations = (
				C33C7AF727BE91AE00CDC80E /* Debug */,
				C33C7AF827BE91AE00CDC80E /* Release */,
			);
			defaultConfigurationIsVisible = 0;
			defaultConfigurationName = Release;
		};
/* End XCConfigurationList section */
	};
	rootObject = C33C7ADA27BE91AA00CDC80E /* Project object */;
}
